
Microsoft Visual Studio Solution File, Format Version 12.00
# Visual Studio Version 16
VisualStudioVersion = 16.0.30002.166
MinimumVisualStudioVersion = 10.0.40219.1
Project("{FAE04EC0-301F-11D3-BF4B-00C04F79EFBC}") = "SistemaWEB_CursoMVC", "SistemaWEB_CursoMVC\SistemaWEB_CursoMVC.csproj", "{886E38B1-9F5E-4538-BB9E-F0232A4DA462}"
EndProject
Global
	GlobalSection(SolutionConfigurationPlatforms) = preSolution
		Debug|Any CPU = Debug|Any CPU
		Release|Any CPU = Release|Any CPU
	EndGlobalSection
	GlobalSection(ProjectConfigurationPlatforms) = postSolution
		{886E38B1-9F5E-4538-BB9E-F0232A4DA462}.Debug|Any CPU.ActiveCfg = Debug|Any CPU
		{886E38B1-9F5E-4538-BB9E-F0232A4DA462}.Debug|Any CPU.Build.0 = Debug|Any CPU
		{886E38B1-9F5E-4538-BB9E-F0232A4DA462}.Release|Any CPU.ActiveCfg = Release|Any CPU
		{886E38B1-9F5E-4538-BB9E-F0232A4DA462}.Release|Any CPU.Build.0 = Release|Any CPU
	EndGlobalSection
	GlobalSection(SolutionProperties) = preSolution
		HideSolutionNode = FALSE
	EndGlobalSection
	GlobalSection(ExtensibilityGlobals) = postSolution
		SolutionGuid = {D8284873-E37B-4E0E-B031-447222480BDE}
	EndGlobalSection
EndGlobal
